# This file is automatically @generated by Cargo.
# It is not intended for manual editing.
version = 3

[[package]]
name = "arch"
version = "0.1.0"
dependencies = [
 "ia32",
 "ia32e",
 "log",
]

[[package]]
name = "bootloader"
version = "0.9.22"
source = "registry+https://github.com/rust-lang/crates.io-index"
checksum = "de78decc37247c7cfac5dbf3495c7298c6ac97cb355161caa7e15969c6648e6c"

[[package]]
name = "byteorder"
version = "1.4.3"
source = "registry+https://github.com/rust-lang/crates.io-index"
checksum = "14c189c53d098945499cdfa7ecc63567cf3886b3332b312a5b4585d8d3a6a610"

[[package]]
name = "cfg-if"
version = "1.0.0"
source = "registry+https://github.com/rust-lang/crates.io-index"
checksum = "baf1de4339761588bc0619e3cbc0120ee582ebb74b53b4efbf79117bd2da40fd"

[[package]]
name = "flint"
version = "0.1.0"
dependencies = [
 "arch",
 "bootloader",
 "byteorder",
 "log",
 "serial",
 "volatile",
]

[[package]]
name = "ia32"
version = "0.1.0"
dependencies = [
 "log",
]

[[package]]
name = "ia32e"
version = "0.1.0"
dependencies = [
 "ia32",
 "log",
]

[[package]]
name = "log"
version = "0.4.14"
source = "registry+https://github.com/rust-lang/crates.io-index"
checksum = "51b9bbe6c47d51fc3e1a9b945965946b4c44142ab8792c50835a980d362c2710"
dependencies = [
 "cfg-if",
]

[[package]]
name = "serial"
version = "0.1.0"
dependencies = [
 "arch",
]

[[package]]
name = "volatile"
version = "0.2.7"
source = "registry+https://github.com/rust-lang/crates.io-index"
checksum = "f6b06ad3ed06fef1713569d547cdbdb439eafed76341820fb0e0344f29a41945"
